{
  "requires": true,
  "lockfileVersion": 1,
  "dependencies": {
    "@types/node": {
      "version": "12.20.25",
      "resolved": "https://registry.npmjs.org/@types/node/-/node-12.20.25.tgz",
      "integrity": "sha512-hcTWqk7DR/HrN9Xe7AlJwuCaL13Vcd9/g/T54YrJz4Q3ESM5mr33YCzW2bOfzSIc3aZMeGBvbLGvgN6mIJ0I5Q==",
      "dev": true
    },
    "typescript": {
      "version": "4.4.3",
      "resolved": "https://registry.npmjs.org/typescript/-/typescript-4.4.3.tgz",
      "integrity": "sha512-4xfscpisVgqqDfPaJo5vkd+Qd/ItkoagnHpufr+i2QCHBsNYp+G7UAoyFl8aPtx879u38wPV65rZ8qbGZijalA==",
      "dev": true
    }
  }
}
